// !$*UTF8*$!
{
	archiveVersion = 1;
	classes = {
	};
	objectVersion = 46;
	objects = {

/* Begin PBXBuildFile section */
		59071DD51B689CDF00EB9132 /* TTOpenInAppActivity.m in Sources */ = {isa = PBXBuildFile; fileRef = 59071DD41B689CDF00EB9132 /* TTOpenInAppActivity.m */; };
		593CC2AA1B6741CC00A4BCFF /* PickerTableViewController.m in Sources */ = {isa = PBXBuildFile; fileRef = 593CC2A91B6741CC00A4BCFF /* PickerTableViewController.m */; };
		593CC2B41B67F15300A4BCFF /* AFBlurSegue.m in Sources */ = {isa = PBXBuildFile; fileRef = 593CC2B11B67F15300A4BCFF /* AFBlurSegue.m */; };
		593CC2B51B67F15300A4BCFF /* UIImage+ImageEffects.m in Sources */ = {isa = PBXBuildFile; fileRef = 593CC2B31B67F15300A4BCFF /* UIImage+ImageEffects.m */; };
		5950BE091B68D81B0013843A /* footer.xib in Resources */ = {isa = PBXBuildFile; fileRef = 5950BE081B68D81B0013843A /* footer.xib */; };
		5950BE0B1B68DB0D0013843A /* infoFooter.xib in Resources */ = {isa = PBXBuildFile; fileRef = 5950BE0A1B68DB0D0013843A /* infoFooter.xib */; };
		599C399B1B665210005644F2 /* main.m in Sources */ = {isa = PBXBuildFile; fileRef = 599C399A1B665210005644F2 /* main.m */; };
		599C399E1B665210005644F2 /* AppDelegate.m in Sources */ = {isa = PBXBuildFile; fileRef = 599C399D1B665210005644F2 /* AppDelegate.m */; };
		599C39A11B665210005644F2 /* _Gold.xcdatamodeld in Sources */ = {isa = PBXBuildFile; fileRef = 599C399F1B665210005644F2 /* _Gold.xcdatamodeld */; };
		599C39A41B665210005644F2 /* ViewController.m in Sources */ = {isa = PBXBuildFile; fileRef = 599C39A31B665210005644F2 /* ViewController.m */; };
		599C39A71B665210005644F2 /* Main.storyboard in Resources */ = {isa = PBXBuildFile; fileRef = 599C39A51B665210005644F2 /* Main.storyboard */; };
		599C39A91B665210005644F2 /* Images.xcassets in Resources */ = {isa = PBXBuildFile; fileRef = 599C39A81B665210005644F2 /* Images.xcassets */; };
		599C39AC1B665210005644F2 /* LaunchScreen.xib in Resources */ = {isa = PBXBuildFile; fileRef = 599C39AA1B665210005644F2 /* LaunchScreen.xib */; };
		599C39B81B665210005644F2 /* _GoldTests.m in Sources */ = {isa = PBXBuildFile; fileRef = 599C39B71B665210005644F2 /* _GoldTests.m */; };
		599C39C31B665731005644F2 /* NineTableViewCell.m in Sources */ = {isa = PBXBuildFile; fileRef = 599C39C21B665731005644F2 /* NineTableViewCell.m */; };
		599C39D11B665FCB005644F2 /* ioapi.c in Sources */ = {isa = PBXBuildFile; fileRef = 599C39C71B665FCB005644F2 /* ioapi.c */; };
		599C39D21B665FCB005644F2 /* mztools.c in Sources */ = {isa = PBXBuildFile; fileRef = 599C39C91B665FCB005644F2 /* mztools.c */; };
		599C39D31B665FCB005644F2 /* unzip.c in Sources */ = {isa = PBXBuildFile; fileRef = 599C39CB1B665FCB005644F2 /* unzip.c */; };
		599C39D41B665FCB005644F2 /* zip.c in Sources */ = {isa = PBXBuildFile; fileRef = 599C39CD1B665FCB005644F2 /* zip.c */; };
		599C39D51B665FCB005644F2 /* SSZipArchive.m in Sources */ = {isa = PBXBuildFile; fileRef = 599C39D01B665FCB005644F2 /* SSZipArchive.m */; };
		599C39D71B665FE1005644F2 /* libz.dylib in Frameworks */ = {isa = PBXBuildFile; fileRef = 599C39D61B665FE1005644F2 /* libz.dylib */; };
		599C39D91B666019005644F2 /* Init.zip in Resources */ = {isa = PBXBuildFile; fileRef = 599C39D81B666019005644F2 /* Init.zip */; };
/* End PBXBuildFile section */

/* Begin PBXContainerItemProxy section */
		599C39B21B665210005644F2 /* PBXContainerItemProxy */ = {
			isa = PBXContainerItemProxy;
			containerPortal = 599C398D1B665210005644F2 /* Project object */;
			proxyType = 1;
			remoteGlobalIDString = 599C39941B665210005644F2;
			remoteInfo = 9Gold;
		};
/* End PBXContainerItemProxy section */

/* Begin PBXFileReference section */
		59071DD31B689CDF00EB9132 /* TTOpenInAppActivity.h */ = {isa = PBXFileReference; fileEncoding = 4; lastKnownFileType = sourcecode.c.h; path = TTOpenInAppActivity.h; sourceTree = "<group>"; };
		59071DD41B689CDF00EB9132 /* TTOpenInAppActivity.m */ = {isa = PBXFileReference; fileEncoding = 4; lastKnownFileType = sourcecode.c.objc; path = TTOpenInAppActivity.m; sourceTree = "<group>"; };
		593CC2A81B6741CB00A4BCFF /* PickerTableViewController.h */ = {isa = PBXFileReference; fileEncoding = 4; lastKnownFileType = sourcecode.c.h; path = PickerTableViewController.h; sourceTree = "<group>"; };
		593CC2A91B6741CC00A4BCFF /* PickerTableViewController.m */ = {isa = PBXFileReference; fileEncoding = 4; lastKnownFileType = sourcecode.c.objc; path = PickerTableViewController.m; sourceTree = "<group>"; };
		593CC2B01B67F15300A4BCFF /* AFBlurSegue.h */ = {isa = PBXFileReference; fileEncoding = 4; lastKnownFileType = sourcecode.c.h; path = AFBlurSegue.h; sourceTree = "<group>"; };
		593CC2B11B67F15300A4BCFF /* AFBlurSegue.m */ = {isa = PBXFileReference; fileEncoding = 4; lastKnownFileType = sourcecode.c.objc; path = AFBlurSegue.m; sourceTree = "<group>"; };
		593CC2B21B67F15300A4BCFF /* UIImage+ImageEffects.h */ = {isa = PBXFileReference; fileEncoding = 4; lastKnownFileType = sourcecode.c.h; path = "UIImage+ImageEffects.h"; sourceTree = "<group>"; };
		593CC2B31B67F15300A4BCFF /* UIImage+ImageEffects.m */ = {isa = PBXFileReference; fileEncoding = 4; lastKnownFileType = sourcecode.c.objc; path = "UIImage+ImageEffects.m"; sourceTree = "<group>"; };
		5950BE081B68D81B0013843A /* footer.xib */ = {isa = PBXFileReference; fileEncoding = 4; lastKnownFileType = file.xib; path = footer.xib; sourceTree = "<group>"; };
		5950BE0A1B68DB0D0013843A /* infoFooter.xib */ = {isa = PBXFileReference; fileEncoding = 4; lastKnownFileType = file.xib; path = infoFooter.xib; sourceTree = "<group>"; };
		599C39951B665210005644F2 /* 9Gold.app */ = {isa = PBXFileReference; explicitFileType = wrapper.application; includeInIndex = 0; path = 9Gold.app; sourceTree = BUILT_PRODUCTS_DIR; };
		599C39991B665210005644F2 /* Info.plist */ = {isa = PBXFileReference; lastKnownFileType = text.plist.xml; path = Info.plist; sourceTree = "<group>"; };
		599C399A1B665210005644F2 /* main.m */ = {isa = PBXFileReference; lastKnownFileType = sourcecode.c.objc; path = main.m; sourceTree = "<group>"; };
		599C399C1B665210005644F2 /* AppDelegate.h */ = {isa = PBXFileReference; lastKnownFileType = sourcecode.c.h; path = AppDelegate.h; sourceTree = "<group>"; };
		599C399D1B665210005644F2 /* AppDelegate.m */ = {isa = PBXFileReference; lastKnownFileType = sourcecode.c.objc; path = AppDelegate.m; sourceTree = "<group>"; };
		599C39A01B665210005644F2 /* _Gold.xcdatamodel */ = {isa = PBXFileReference; lastKnownFileType = wrapper.xcdatamodel; path = _Gold.xcdatamodel; sourceTree = "<group>"; };
		599C39A21B665210005644F2 /* ViewController.h */ = {isa = PBXFileReference; lastKnownFileType = sourcecode.c.h; path = ViewController.h; sourceTree = "<group>"; };
		599C39A31B665210005644F2 /* ViewController.m */ = {isa = PBXFileReference; lastKnownFileType = sourcecode.c.objc; path = ViewController.m; sourceTree = "<group>"; };
		599C39A61B665210005644F2 /* Base */ = {isa = PBXFileReference; lastKnownFileType = file.storyboard; name = Base; path = Base.lproj/Main.storyboard; sourceTree = "<group>"; };
		599C39A81B665210005644F2 /* Images.xcassets */ = {isa = PBXFileReference; lastKnownFileType = folder.assetcatalog; path = Images.xcassets; sourceTree = "<group>"; };
		599C39AB1B665210005644F2 /* Base */ = {isa = PBXFileReference; lastKnownFileType = file.xib; name = Base; path = Base.lproj/LaunchScreen.xib; sourceTree = "<group>"; };
		599C39B11B665210005644F2 /* 9GoldTests.xctest */ = {isa = PBXFileReference; explicitFileType = wrapper.cfbundle; includeInIndex = 0; path = 9GoldTests.xctest; sourceTree = BUILT_PRODUCTS_DIR; };
		599C39B61B665210005644F2 /* Info.plist */ = {isa = PBXFileReference; lastKnownFileType = text.plist.xml; path = Info.plist; sourceTree = "<group>"; };
		599C39B71B665210005644F2 /* _GoldTests.m */ = {isa = PBXFileReference; lastKnownFileType = sourcecode.c.objc; path = _GoldTests.m; sourceTree = "<group>"; };
		599C39C11B665730005644F2 /* NineTableViewCell.h */ = {isa = PBXFileReference; fileEncoding = 4; lastKnownFileType = sourcecode.c.h; path = NineTableViewCell.h; sourceTree = "<group>"; };
		599C39C21B665731005644F2 /* NineTableViewCell.m */ = {isa = PBXFileReference; fileEncoding = 4; lastKnownFileType = sourcecode.c.objc; path = NineTableViewCell.m; sourceTree = "<group>"; };
		599C39C61B665FCB005644F2 /* crypt.h */ = {isa = PBXFileReference; fileEncoding = 4; lastKnownFileType = sourcecode.c.h; path = crypt.h; sourceTree = "<group>"; };
		599C39C71B665FCB005644F2 /* ioapi.c */ = {isa = PBXFileReference; fileEncoding = 4; lastKnownFileType = sourcecode.c.c; path = ioapi.c; sourceTree = "<group>"; };
		599C39C81B665FCB005644F2 /* ioapi.h */ = {isa = PBXFileReference; fileEncoding = 4; lastKnownFileType = sourcecode.c.h; path = ioapi.h; sourceTree = "<group>"; };
		599C39C91B665FCB005644F2 /* mztools.c */ = {isa = PBXFileReference; fileEncoding = 4; lastKnownFileType = sourcecode.c.c; path = mztools.c; sourceTree = "<group>"; };
		599C39CA1B665FCB005644F2 /* mztools.h */ = {isa = PBXFileReference; fileEncoding = 4; lastKnownFileType = sourcecode.c.h; path = mztools.h; sourceTree = "<group>"; };
		599C39CB1B665FCB005644F2 /* unzip.c */ = {isa = PBXFileReference; fileEncoding = 4; lastKnownFileType = sourcecode.c.c; path = unzip.c; sourceTree = "<group>"; };
		599C39CC1B665FCB005644F2 /* unzip.h */ = {isa = PBXFileReference; fileEncoding = 4; lastKnownFileType = sourcecode.c.h; path = unzip.h; sourceTree = "<group>"; };
		599C39CD1B665FCB005644F2 /* zip.c */ = {isa = PBXFileReference; fileEncoding = 4; lastKnownFileType = sourcecode.c.c; path = zip.c; sourceTree = "<group>"; };
		599C39CE1B665FCB005644F2 /* zip.h */ = {isa = PBXFileReference; fileEncoding = 4; lastKnownFileType = sourcecode.c.h; path = zip.h; sourceTree = "<group>"; };
		599C39CF1B665FCB005644F2 /* SSZipArchive.h */ = {isa = PBXFileReference; fileEncoding = 4; lastKnownFileType = sourcecode.c.h; path = SSZipArchive.h; sourceTree = "<group>"; };
		599C39D01B665FCB005644F2 /* SSZipArchive.m */ = {isa = PBXFileReference; fileEncoding = 4; lastKnownFileType = sourcecode.c.objc; path = SSZipArchive.m; sourceTree = "<group>"; };
		599C39D61B665FE1005644F2 /* libz.dylib */ = {isa = PBXFileReference; lastKnownFileType = "compiled.mach-o.dylib"; name = libz.dylib; path = usr/lib/libz.dylib; sourceTree = SDKROOT; };
		599C39D81B666019005644F2 /* Init.zip */ = {isa = PBXFileReference; lastKnownFileType = archive.zip; path = Init.zip; sourceTree = "<group>"; };
/* End PBXFileReference section */

/* Begin PBXFrameworksBuildPhase section */
		599C39921B665210005644F2 /* Frameworks */ = {
			isa = PBXFrameworksBuildPhase;
			buildActionMask = 2147483647;
			files = (
				599C39D71B665FE1005644F2 /* libz.dylib in Frameworks */,
			);
			runOnlyForDeploymentPostprocessing = 0;
		};
		599C39AE1B665210005644F2 /* Frameworks */ = {
			isa = PBXFrameworksBuildPhase;
			buildActionMask = 2147483647;
			files = (
			);
			runOnlyForDeploymentPostprocessing = 0;
		};
/* End PBXFrameworksBuildPhase section */

/* Begin PBXGroup section */
		59071DD21B689CDF00EB9132 /* TTOpenInActivity */ = {
			isa = PBXGroup;
			children = (
				59071DD31B689CDF00EB9132 /* TTOpenInAppActivity.h */,
				59071DD41B689CDF00EB9132 /* TTOpenInAppActivity.m */,
			);
			path = TTOpenInActivity;
			sourceTree = "<group>";
		};
		593CC2AF1B67F15300A4BCFF /* AFBlurSegue */ = {
			isa = PBXGroup;
			children = (
				593CC2B01B67F15300A4BCFF /* AFBlurSegue.h */,
				593CC2B11B67F15300A4BCFF /* AFBlurSegue.m */,
				593CC2B21B67F15300A4BCFF /* UIImage+ImageEffects.h */,
				593CC2B31B67F15300A4BCFF /* UIImage+ImageEffects.m */,
			);
			path = AFBlurSegue;
			sourceTree = "<group>";
		};
		5950BE0C1B68E0AC0013843A /* Views */ = {
			isa = PBXGroup;
			children = (
				599C39A51B665210005644F2 /* Main.storyboard */,
				599C39AA1B665210005644F2 /* LaunchScreen.xib */,
				5950BE081B68D81B0013843A /* footer.xib */,
				5950BE0A1B68DB0D0013843A /* infoFooter.xib */,
				599C39C11B665730005644F2 /* NineTableViewCell.h */,
				599C39C21B665731005644F2 /* NineTableViewCell.m */,
			);
			name = Views;
			sourceTree = "<group>";
		};
		5950BE0D1B68E0B70013843A /* Controllers */ = {
			isa = PBXGroup;
			children = (
				599C39A21B665210005644F2 /* ViewController.h */,
				599C39A31B665210005644F2 /* ViewController.m */,
				593CC2A81B6741CB00A4BCFF /* PickerTableViewController.h */,
				593CC2A91B6741CC00A4BCFF /* PickerTableViewController.m */,
			);
			name = Controllers;
			sourceTree = "<group>";
		};
		599C398C1B665210005644F2 = {
			isa = PBXGroup;
			children = (
				599C39D61B665FE1005644F2 /* libz.dylib */,
				599C39971B665210005644F2 /* 9Gold */,
				599C39B41B665210005644F2 /* 9GoldTests */,
				599C39961B665210005644F2 /* Products */,
			);
			sourceTree = "<group>";
		};
		599C39961B665210005644F2 /* Products */ = {
			isa = PBXGroup;
			children = (
				599C39951B665210005644F2 /* 9Gold.app */,
				599C39B11B665210005644F2 /* 9GoldTests.xctest */,
			);
			name = Products;
			sourceTree = "<group>";
		};
		599C39971B665210005644F2 /* 9Gold */ = {
			isa = PBXGroup;
			children = (
				599C399C1B665210005644F2 /* AppDelegate.h */,
				599C399D1B665210005644F2 /* AppDelegate.m */,
				5950BE0D1B68E0B70013843A /* Controllers */,
				5950BE0C1B68E0AC0013843A /* Views */,
				59071DD21B689CDF00EB9132 /* TTOpenInActivity */,
				593CC2AF1B67F15300A4BCFF /* AFBlurSegue */,
				599C39C41B665FCB005644F2 /* SSZip */,
				599C39981B665210005644F2 /* Supporting Files */,
			);
			path = 9Gold;
			sourceTree = "<group>";
		};
		599C39981B665210005644F2 /* Supporting Files */ = {
			isa = PBXGroup;
			children = (
				599C39D81B666019005644F2 /* Init.zip */,
				599C399F1B665210005644F2 /* _Gold.xcdatamodeld */,
				599C39A81B665210005644F2 /* Images.xcassets */,
				599C39991B665210005644F2 /* Info.plist */,
				599C399A1B665210005644F2 /* main.m */,
			);
			name = "Supporting Files";
			sourceTree = "<group>";
		};
		599C39B41B665210005644F2 /* 9GoldTests */ = {
			isa = PBXGroup;
			children = (
				599C39B71B665210005644F2 /* _GoldTests.m */,
				599C39B51B665210005644F2 /* Supporting Files */,
			);
			path = 9GoldTests;
			sourceTree = "<group>";
		};
		599C39B51B665210005644F2 /* Supporting Files */ = {
			isa = PBXGroup;
			children = (
				599C39B61B665210005644F2 /* Info.plist */,
			);
			name = "Supporting Files";
			sourceTree = "<group>";
		};
		599C39C41B665FCB005644F2 /* SSZip */ = {
			isa = PBXGroup;
			children = (
				599C39C51B665FCB005644F2 /* minizip */,
				599C39CF1B665FCB005644F2 /* SSZipArchive.h */,
				599C39D01B665FCB005644F2 /* SSZipArchive.m */,
			);
			path = SSZip;
			sourceTree = "<group>";
		};
		599C39C51B665FCB005644F2 /* minizip */ = {
			isa = PBXGroup;
			children = (
				599C39C61B665FCB005644F2 /* crypt.h */,
				599C39C71B665FCB005644F2 /* ioapi.c */,
				599C39C81B665FCB005644F2 /* ioapi.h */,
				599C39C91B665FCB005644F2 /* mztools.c */,
				599C39CA1B665FCB005644F2 /* mztools.h */,
				599C39CB1B665FCB005644F2 /* unzip.c */,
				599C39CC1B665FCB005644F2 /* unzip.h */,
				599C39CD1B665FCB005644F2 /* zip.c */,
				599C39CE1B665FCB005644F2 /* zip.h */,
			);
			path = minizip;
			sourceTree = "<group>";
		};
/* End PBXGroup section */

/* Begin PBXNativeTarget section */
		599C39941B665210005644F2 /* 9Gold */ = {
			isa = PBXNativeTarget;
			buildConfigurationList = 599C39BB1B665210005644F2 /* Build configuration list for PBXNativeTarget "9Gold" */;
			buildPhases = (
				599C39911B665210005644F2 /* Sources */,
				599C39921B665210005644F2 /* Frameworks */,
				599C39931B665210005644F2 /* Resources */,
			);
			buildRules = (
			);
			dependencies = (
			);
			name = 9Gold;
			productName = 9Gold;
			productReference = 599C39951B665210005644F2 /* 9Gold.app */;
			productType = "com.apple.product-type.application";
		};
		599C39B01B665210005644F2 /* 9GoldTests */ = {
			isa = PBXNativeTarget;
			buildConfigurationList = 599C39BE1B665210005644F2 /* Build configuration list for PBXNativeTarget "9GoldTests" */;
			buildPhases = (
				599C39AD1B665210005644F2 /* Sources */,
				599C39AE1B665210005644F2 /* Frameworks */,
				599C39AF1B665210005644F2 /* Resources */,
			);
			buildRules = (
			);
			dependencies = (
				599C39B31B665210005644F2 /* PBXTargetDependency */,
			);
			name = 9GoldTests;
			productName = 9GoldTests;
			productReference = 599C39B11B665210005644F2 /* 9GoldTests.xctest */;
			productType = "com.apple.product-type.bundle.unit-test";
		};
/* End PBXNativeTarget section */

/* Begin PBXProject section */
		599C398D1B665210005644F2 /* Project object */ = {
			isa = PBXProject;
			attributes = {
				LastUpgradeCheck = 0610;
				ORGANIZATIONNAME = avikantz;
				TargetAttributes = {
					599C39941B665210005644F2 = {
						CreatedOnToolsVersion = 6.1.1;
					};
					599C39B01B665210005644F2 = {
						CreatedOnToolsVersion = 6.1.1;
						TestTargetID = 599C39941B665210005644F2;
					};
				};
			};
			buildConfigurationList = 599C39901B665210005644F2 /* Build configuration list for PBXProject "9Gold" */;
			compatibilityVersion = "Xcode 3.2";
			developmentRegion = English;
			hasScannedForEncodings = 0;
			knownRegions = (
				en,
				Base,
			);
			mainGroup = 599C398C1B665210005644F2;
			productRefGroup = 599C39961B665210005644F2 /* Products */;
			projectDirPath = "";
			projectRoot = "";
			targets = (
				599C39941B665210005644F2 /* 9Gold */,
				599C39B01B665210005644F2 /* 9GoldTests */,
			);
		};
/* End PBXProject section */

/* Begin PBXResourcesBuildPhase section */
		599C39931B665210005644F2 /* Resources */ = {
			isa = PBXResourcesBuildPhase;
			buildActionMask = 2147483647;
			files = (
				5950BE0B1B68DB0D0013843A /* infoFooter.xib in Resources */,
				599C39A71B665210005644F2 /* Main.storyboard in Resources */,
				599C39D91B666019005644F2 /* Init.zip in Resources */,
				599C39AC1B665210005644F2 /* LaunchScreen.xib in Resources */,
				599C39A91B665210005644F2 /* Images.xcassets in Resources */,
				5950BE091B68D81B0013843A /* footer.xib in Resources */,
			);
			runOnlyForDeploymentPostprocessing = 0;
		};
		599C39AF1B665210005644F2 /* Resources */ = {
			isa = PBXResourcesBuildPhase;
			buildActionMask = 2147483647;
			files = (
			);
			runOnlyForDeploymentPostprocessing = 0;
		};
/* End PBXResourcesBuildPhase section */

/* Begin PBXSourcesBuildPhase section */
		599C39911B665210005644F2 /* Sources */ = {
			isa = PBXSourcesBuildPhase;
			buildActionMask = 2147483647;
			files = (
				599C39D11B665FCB005644F2 /* ioapi.c in Sources */,
				593CC2B51B67F15300A4BCFF /* UIImage+ImageEffects.m in Sources */,
				593CC2AA1B6741CC00A4BCFF /* PickerTableViewController.m in Sources */,
				599C399E1B665210005644F2 /* AppDelegate.m in Sources */,
				599C399B1B665210005644F2 /* main.m in Sources */,
				599C39D41B665FCB005644F2 /* zip.c in Sources */,
				593CC2B41B67F15300A4BCFF /* AFBlurSegue.m in Sources */,
				59071DD51B689CDF00EB9132 /* TTOpenInAppActivity.m in Sources */,
				599C39C31B665731005644F2 /* NineTableViewCell.m in Sources */,
				599C39D21B665FCB005644F2 /* mztools.c in Sources */,
				599C39D51B665FCB005644F2 /* SSZipArchive.m in Sources */,
				599C39A41B665210005644F2 /* ViewController.m in Sources */,
				599C39D31B665FCB005644F2 /* unzip.c in Sources */,
				599C39A11B665210005644F2 /* _Gold.xcdatamodeld in Sources */,
			);
			runOnlyForDeploymentPostprocessing = 0;
		};
		599C39AD1B665210005644F2 /* Sources */ = {
			isa = PBXSourcesBuildPhase;
			buildActionMask = 2147483647;
			files = (
				599C39B81B665210005644F2 /* _GoldTests.m in Sources */,
			);
			runOnlyForDeploymentPostprocessing = 0;
		};
/* End PBXSourcesBuildPhase section */

/* Begin PBXTargetDependency section */
		599C39B31B665210005644F2 /* PBXTargetDependency */ = {
			isa = PBXTargetDependency;
			target = 599C39941B665210005644F2 /* 9Gold */;
			targetProxy = 599C39B21B665210005644F2 /* PBXContainerItemProxy */;
		};
/* End PBXTargetDependency section */

/* Begin PBXVariantGroup section */
		599C39A51B665210005644F2 /* Main.storyboard */ = {
			isa = PBXVariantGroup;
			children = (
				599C39A61B665210005644F2 /* Base */,
			);
			name = Main.storyboard;
			sourceTree = "<group>";
		};
		599C39AA1B665210005644F2 /* LaunchScreen.xib */ = {
			isa = PBXVariantGroup;
			children = (
				599C39AB1B665210005644F2 /* Base */,
			);
			name = LaunchScreen.xib;
			sourceTree = "<group>";
		};
/* End PBXVariantGroup section */

/* Begin XCBuildConfiguration section */
		599C39B91B665210005644F2 /* Debug */ = {
			isa = XCBuildConfiguration;
			buildSettings = {
				ALWAYS_SEARCH_USER_PATHS = NO;
				CLANG_CXX_LANGUAGE_STANDARD = "gnu++0x";
				CLANG_CXX_LIBRARY = "libc++";
				CLANG_ENABLE_MODULES = YES;
				CLANG_ENABLE_OBJC_ARC = YES;
				CLANG_WARN_BOOL_CONVERSION = YES;
				CLANG_WARN_CONSTANT_CONVERSION = YES;
				CLANG_WARN_DIRECT_OBJC_ISA_USAGE = YES_ERROR;
				CLANG_WARN_EMPTY_BODY = YES;
				CLANG_WARN_ENUM_CONVERSION = YES;
				CLANG_WARN_INT_CONVERSION = YES;
				CLANG_WARN_OBJC_ROOT_CLASS = YES_ERROR;
				CLANG_WARN_UNREACHABLE_CODE = YES;
				CLANG_WARN__DUPLICATE_METHOD_MATCH = YES;
				"CODE_SIGN_IDENTITY[sdk=iphoneos*]" = "iPhone Developer";
				COPY_PHASE_STRIP = NO;
				ENABLE_STRICT_OBJC_MSGSEND = YES;
				GCC_C_LANGUAGE_STANDARD = gnu99;
				GCC_DYNAMIC_NO_PIC = NO;
				GCC_OPTIMIZATION_LEVEL = 0;
				GCC_PREPROCESSOR_DEFINITIONS = (
					"DEBUG=1",
					"$(inherited)",
				);
				GCC_SYMBOLS_PRIVATE_EXTERN = NO;
				GCC_WARN_64_TO_32_BIT_CONVERSION = YES;
				GCC_WARN_ABOUT_RETURN_TYPE = YES_ERROR;
				GCC_WARN_UNDECLARED_SELECTOR = YES;
				GCC_WARN_UNINITIALIZED_AUTOS = YES_AGGRESSIVE;
				GCC_WARN_UNUSED_FUNCTION = YES;
				GCC_WARN_UNUSED_VARIABLE = YES;
				IPHONEOS_DEPLOYMENT_TARGET = 8.1;
				MTL_ENABLE_DEBUG_INFO = YES;
				ONLY_ACTIVE_ARCH = YES;
				SDKROOT = iphoneos;
				TARGETED_DEVICE_FAMILY = "1,2";
			};
			name = Debug;
		};
		599C39BA1B665210005644F2 /* Release */ = {
			isa = XCBuildConfiguration;
			buildSettings = {
				ALWAYS_SEARCH_USER_PATHS = NO;
				CLANG_CXX_LANGUAGE_STANDARD = "gnu++0x";
				CLANG_CXX_LIBRARY = "libc++";
				CLANG_ENABLE_MODULES = YES;
				CLANG_ENABLE_OBJC_ARC = YES;
				CLANG_WARN_BOOL_CONVERSION = YES;
				CLANG_WARN_CONSTANT_CONVERSION = YES;
				CLANG_WARN_DIRECT_OBJC_ISA_USAGE = YES_ERROR;
				CLANG_WARN_EMPTY_BODY = YES;
				CLANG_WARN_ENUM_CONVERSION = YES;
				CLANG_WARN_INT_CONVERSION = YES;
				CLANG_WARN_OBJC_ROOT_CLASS = YES_ERROR;
				CLANG_WARN_UNREACHABLE_CODE = YES;
				CLANG_WARN__DUPLICATE_METHOD_MATCH = YES;
				"CODE_SIGN_IDENTITY[sdk=iphoneos*]" = "iPhone Developer";
				COPY_PHASE_STRIP = YES;
				ENABLE_NS_ASSERTIONS = NO;
				ENABLE_STRICT_OBJC_MSGSEND = YES;
				GCC_C_LANGUAGE_STANDARD = gnu99;
				GCC_WARN_64_TO_32_BIT_CONVERSION = YES;
				GCC_WARN_ABOUT_RETURN_TYPE = YES_ERROR;
				GCC_WARN_UNDECLARED_SELECTOR = YES;
				GCC_WARN_UNINITIALIZED_AUTOS = YES_AGGRESSIVE;
				GCC_WARN_UNUSED_FUNCTION = YES;
				GCC_WARN_UNUSED_VARIABLE = YES;
				IPHONEOS_DEPLOYMENT_TARGET = 8.1;
				MTL_ENABLE_DEBUG_INFO = NO;
				SDKROOT = iphoneos;
				TARGETED_DEVICE_FAMILY = "1,2";
				VALIDATE_PRODUCT = YES;
			};
			name = Release;
		};
		599C39BC1B665210005644F2 /* Debug */ = {
			isa = XCBuildConfiguration;
			buildSettings = {
				ASSETCATALOG_COMPILER_APPICON_NAME = AppIcon;
				INFOPLIST_FILE = 9Gold/Info.plist;
				LD_RUNPATH_SEARCH_PATHS = "$(inherited) @executable_path/Frameworks";
				PRODUCT_NAME = "$(TARGET_NAME)";
			};
			name = Debug;
		};
		599C39BD1B665210005644F2 /* Release */ = {
			isa = XCBuildConfiguration;
			buildSettings = {
				ASSETCATALOG_COMPILER_APPICON_NAME = AppIcon;
				INFOPLIST_FILE = 9Gold/Info.plist;
				LD_RUNPATH_SEARCH_PATHS = "$(inherited) @executable_path/Frameworks";
				PRODUCT_NAME = "$(TARGET_NAME)";
			};
			name = Release;
		};
		599C39BF1B665210005644F2 /* Debug */ = {
			isa = XCBuildConfiguration;
			buildSettings = {
				BUNDLE_LOADER = "$(TEST_HOST)";
				FRAMEWORK_SEARCH_PATHS = (
					"$(SDKROOT)/Developer/Library/Frameworks",
					"$(inherited)",
				);
				GCC_PREPROCESSOR_DEFINITIONS = (
					"DEBUG=1",
					"$(inherited)",
				);
				INFOPLIST_FILE = 9GoldTests/Info.plist;
				LD_RUNPATH_SEARCH_PATHS = "$(inherited) @executable_path/Frameworks @loader_path/Frameworks";
				PRODUCT_NAME = "$(TARGET_NAME)";
				TEST_HOST = "$(BUILT_PRODUCTS_DIR)/9Gold.app/9Gold";
			};
			name = Debug;
		};
		599C39C01B665210005644F2 /* Release */ = {
			isa = XCBuildConfiguration;
			buildSettings = {
				BUNDLE_LOADER = "$(TEST_HOST)";
				FRAMEWORK_SEARCH_PATHS = (
					"$(SDKROOT)/Developer/Library/Frameworks",
					"$(inherited)",
				);
				INFOPLIST_FILE = 9GoldTests/Info.plist;
				LD_RUNPATH_SEARCH_PATHS = "$(inherited) @executable_path/Frameworks @loader_path/Frameworks";
				PRODUCT_NAME = "$(TARGET_NAME)";
				TEST_HOST = "$(BUILT_PRODUCTS_DIR)/9Gold.app/9Gold";
			};
			name = Release;
		};
/* End XCBuildConfiguration section */

/* Begin XCConfigurationList section */
		599C39901B665210005644F2 /* Build configuration list for PBXProject "9Gold" */ = {
			isa = XCConfigurationList;
			buildConfigurations = (
				599C39B91B665210005644F2 /* Debug */,
				599C39BA1B665210005644F2 /* Release */,
			);
			defaultConfigurationIsVisible = 0;
			defaultConfigurationName = Release;
		};
		599C39BB1B665210005644F2 /* Build configuration list for PBXNativeTarget "9Gold" */ = {
			isa = XCConfigurationList;
			buildConfigurations = (
				599C39BC1B665210005644F2 /* Debug */,
				599C39BD1B665210005644F2 /* Release */,
			);
			defaultConfigurationIsVisible = 0;
			defaultConfigurationName = Release;
		};
		599C39BE1B665210005644F2 /* Build configuration list for PBXNativeTarget "9GoldTests" */ = {
			isa = XCConfigurationList;
			buildConfigurations = (
				599C39BF1B665210005644F2 /* Debug */,
				599C39C01B665210005644F2 /* Release */,
			);
			defaultConfigurationIsVisible = 0;
			defaultConfigurationName = Release;
		};
/* End XCConfigurationList section */

/* Begin XCVersionGroup section */
		599C399F1B665210005644F2 /* _Gold.xcdatamodeld */ = {
			isa = XCVersionGroup;
			children = (
				599C39A01B665210005644F2 /* _Gold.xcdatamodel */,
			);
			currentVersion = 599C39A01B665210005644F2 /* _Gold.xcdatamodel */;
			path = _Gold.xcdatamodeld;
			sourceTree = "<group>";
			versionGroupType = wrapper.xcdatamodel;
		};
/* End XCVersionGroup section */
	};
	rootObject = 599C398D1B665210005644F2 /* Project object */;
}
